
Microsoft Visual Studio Solution File, Format Version 12.00
# Visual Studio Version 17
VisualStudioVersion = 17.8.34525.116
MinimumVisualStudioVersion = 10.0.40219.1
Project("{FAE04EC0-301F-11D3-BF4B-00C04F79EFBC}") = "RestaurantMenu", "RestaurantMenu\RestaurantMenu.csproj", "{F4983305-C2D1-4ED9-8CB9-4DCD7CB12A51}"
EndProject
Global
	GlobalSection(SolutionConfigurationPlatforms) = preSolution
		Debug|Any CPU = Debug|Any CPU
		Release|Any CPU = Release|Any CPU
	EndGlobalSection
	GlobalSection(ProjectConfigurationPlatforms) = postSolution
		{F4983305-C2D1-4ED9-8CB9-4DCD7CB12A51}.Debug|Any CPU.ActiveCfg = Debug|Any CPU
		{F4983305-C2D1-4ED9-8CB9-4DCD7CB12A51}.Debug|Any CPU.Build.0 = Debug|Any CPU
		{F4983305-C2D1-4ED9-8CB9-4DCD7CB12A51}.Release|Any CPU.ActiveCfg = Release|Any CPU
		{F4983305-C2D1-4ED9-8CB9-4DCD7CB12A51}.Release|Any CPU.Build.0 = Release|Any CPU
	EndGlobalSection
	GlobalSection(SolutionProperties) = preSolution
		HideSolutionNode = FALSE
	EndGlobalSection
	GlobalSection(ExtensibilityGlobals) = postSolution
		SolutionGuid = {3BF935A6-F545-43FA-81CE-A4A6EA14E8F7}
	EndGlobalSection
EndGlobal
